
Microsoft Visual Studio Solution File, Format Version 12.00
# Visual Studio Version 16
VisualStudioVersion = 16.0.33927.289
MinimumVisualStudioVersion = 10.0.40219.1
Project("{FAE04EC0-301F-11D3-BF4B-00C04F79EFBC}") = "CrudApplicationWithImageDbFristApporch", "CrudApplicationWithImageDbFristApporch\CrudApplicationWithImageDbFristApporch.csproj", "{6ED1530A-BC34-44C3-B083-A3D3116809F1}"
EndProject
Global
	GlobalSection(SolutionConfigurationPlatforms) = preSolution
		Debug|Any CPU = Debug|Any CPU
		Release|Any CPU = Release|Any CPU
	EndGlobalSection
	GlobalSection(ProjectConfigurationPlatforms) = postSolution
		{6ED1530A-BC34-44C3-B083-A3D3116809F1}.Debug|Any CPU.ActiveCfg = Debug|Any CPU
		{6ED1530A-BC34-44C3-B083-A3D3116809F1}.Debug|Any CPU.Build.0 = Debug|Any CPU
		{6ED1530A-BC34-44C3-B083-A3D3116809F1}.Release|Any CPU.ActiveCfg = Release|Any CPU
		{6ED1530A-BC34-44C3-B083-A3D3116809F1}.Release|Any CPU.Build.0 = Release|Any CPU
	EndGlobalSection
	GlobalSection(SolutionProperties) = preSolution
		HideSolutionNode = FALSE
	EndGlobalSection
	GlobalSection(ExtensibilityGlobals) = postSolution
		SolutionGuid = {E001638A-A82B-46A9-9FFD-CEED7E8D53D0}
	EndGlobalSection
EndGlobal
